[{<<"common">>,
  {git,"https://github.com/joq62/common.git",
       {ref,"374102abdbaebf9060d5850a4dd5859626ae3ba8"}},
  0},
 {<<"config">>,
  {git,"https://github.com/joq62/config.git",
       {ref,"f27eeaf626b1c1d3c8e4f5327c374723eae9371f"}},
  0},
 {<<"etcd">>,
  {git,"https://github.com/joq62/etcd.git",
       {ref,"f2853e172bbaa6f45af7901ca00ff37d9a288853"}},
  0},
 {<<"k3_controller">>,
  {git,"https://github.com/joq62/k3_controller.git",
       {ref,"06af43cf1e1c7609836d1496a87701220b41ad7e"}},
  0},
 {<<"leader">>,
  {git,"https://github.com/joq62/leader.git",
       {ref,"08daefa808f401dd32997f6daa88d9c26c5706a8"}},
  0},
 {<<"node">>,
  {git,"https://github.com/joq62/node.git",
       {ref,"7081154c5797777799803318419e91ef802a011b"}},
  0},
 {<<"nodelog">>,
  {git,"https://github.com/joq62/nodelog.git",
       {ref,"dd5568823d745f83f44000cd0ffd59f735c9eb62"}},
  0},
 {<<"sd">>,
  {git,"https://github.com/joq62/sd.git",
       {ref,"4bb4d3b96ab8a97164fa861c67eeb9b45d00179a"}},
  0}].
