[{<<"common">>,
  {git,"https://github.com/joq62/common.git",
       {ref,"374102abdbaebf9060d5850a4dd5859626ae3ba8"}},
  0},
 {<<"config">>,
  {git,"https://github.com/joq62/config.git",
       {ref,"f27eeaf626b1c1d3c8e4f5327c374723eae9371f"}},
  0},
 {<<"etcd">>,
  {git,"https://github.com/joq62/etcd.git",
       {ref,"d54a699f43c7b42e73bc354c0ee6a98821915520"}},
  0},
 {<<"k3_controller">>,
  {git,"https://github.com/joq62/k3_controller.git",
       {ref,"f67534c2c340f292193d5b9af195fc64f3799600"}},
  0},
 {<<"leader">>,
  {git,"https://github.com/joq62/leader.git",
       {ref,"68faf24d060f5d74cea2fd3541058094d41f414e"}},
  0},
 {<<"node">>,
  {git,"https://github.com/joq62/node.git",
       {ref,"76f4a59c824ba95b5df206bffb98bb7b8ecd0610"}},
  0},
 {<<"nodelog">>,
  {git,"https://github.com/joq62/nodelog.git",
       {ref,"dd5568823d745f83f44000cd0ffd59f735c9eb62"}},
  0},
 {<<"sd">>,
  {git,"https://github.com/joq62/sd.git",
       {ref,"4bb4d3b96ab8a97164fa861c67eeb9b45d00179a"}},
  0}].
